// !$*UTF8*$!
{
	archiveVersion = 1;
	classes = {
	};
	objectVersion = 46;
	objects = {

/* Begin PBXBuildFile section */
		A72734BB1E9CD18F0051EA95 /* main.m in Sources */ = {isa = PBXBuildFile; fileRef = A72734BA1E9CD18F0051EA95 /* main.m */; };
		A72734BE1E9CD18F0051EA95 /* AppDelegate.m in Sources */ = {isa = PBXBuildFile; fileRef = A72734BD1E9CD18F0051EA95 /* AppDelegate.m */; };
		A72734C11E9CD18F0051EA95 /* ViewController.m in Sources */ = {isa = PBXBuildFile; fileRef = A72734C01E9CD18F0051EA95 /* ViewController.m */; };
		A72734C41E9CD18F0051EA95 /* Main.storyboard in Resources */ = {isa = PBXBuildFile; fileRef = A72734C21E9CD18F0051EA95 /* Main.storyboard */; };
		A72734C61E9CD18F0051EA95 /* Assets.xcassets in Resources */ = {isa = PBXBuildFile; fileRef = A72734C51E9CD18F0051EA95 /* Assets.xcassets */; };
		A72734C91E9CD18F0051EA95 /* LaunchScreen.storyboard in Resources */ = {isa = PBXBuildFile; fileRef = A72734C71E9CD18F0051EA95 /* LaunchScreen.storyboard */; };
		A72734D41E9CD18F0051EA95 /* InputNumberProjectTests.m in Sources */ = {isa = PBXBuildFile; fileRef = A72734D31E9CD18F0051EA95 /* InputNumberProjectTests.m */; };
		A72734DF1E9CD18F0051EA95 /* InputNumberProjectUITests.m in Sources */ = {isa = PBXBuildFile; fileRef = A72734DE1E9CD18F0051EA95 /* InputNumberProjectUITests.m */; };
		A72734EE1E9DC0870051EA95 /* InputNumberView.m in Sources */ = {isa = PBXBuildFile; fileRef = A72734ED1E9DC0870051EA95 /* InputNumberView.m */; };
/* End PBXBuildFile section */

/* Begin PBXContainerItemProxy section */
		A72734D01E9CD18F0051EA95 /* PBXContainerItemProxy */ = {
			isa = PBXContainerItemProxy;
			containerPortal = A72734AE1E9CD18F0051EA95 /* Project object */;
			proxyType = 1;
			remoteGlobalIDString = A72734B51E9CD18F0051EA95;
			remoteInfo = InputNumberProject;
		};
		A72734DB1E9CD18F0051EA95 /* PBXContainerItemProxy */ = {
			isa = PBXContainerItemProxy;
			containerPortal = A72734AE1E9CD18F0051EA95 /* Project object */;
			proxyType = 1;
			remoteGlobalIDString = A72734B51E9CD18F0051EA95;
			remoteInfo = InputNumberProject;
		};
/* End PBXContainerItemProxy section */

/* Begin PBXFileReference section */
		A72734B61E9CD18F0051EA95 /* InputNumberProject.app */ = {isa = PBXFileReference; explicitFileType = wrapper.application; includeInIndex = 0; path = InputNumberProject.app; sourceTree = BUILT_PRODUCTS_DIR; };
		A72734BA1E9CD18F0051EA95 /* main.m */ = {isa = PBXFileReference; lastKnownFileType = sourcecode.c.objc; path = main.m; sourceTree = "<group>"; };
		A72734BC1E9CD18F0051EA95 /* AppDelegate.h */ = {isa = PBXFileReference; lastKnownFileType = sourcecode.c.h; path = AppDelegate.h; sourceTree = "<group>"; };
		A72734BD1E9CD18F0051EA95 /* AppDelegate.m */ = {isa = PBXFileReference; lastKnownFileType = sourcecode.c.objc; path = AppDelegate.m; sourceTree = "<group>"; };
		A72734BF1E9CD18F0051EA95 /* ViewController.h */ = {isa = PBXFileReference; lastKnownFileType = sourcecode.c.h; path = ViewController.h; sourceTree = "<group>"; };
		A72734C01E9CD18F0051EA95 /* ViewController.m */ = {isa = PBXFileReference; lastKnownFileType = sourcecode.c.objc; path = ViewController.m; sourceTree = "<group>"; };
		A72734C31E9CD18F0051EA95 /* Base */ = {isa = PBXFileReference; lastKnownFileType = file.storyboard; name = Base; path = Base.lproj/Main.storyboard; sourceTree = "<group>"; };
		A72734C51E9CD18F0051EA95 /* Assets.xcassets */ = {isa = PBXFileReference; lastKnownFileType = folder.assetcatalog; path = Assets.xcassets; sourceTree = "<group>"; };
		A72734C81E9CD18F0051EA95 /* Base */ = {isa = PBXFileReference; lastKnownFileType = file.storyboard; name = Base; path = Base.lproj/LaunchScreen.storyboard; sourceTree = "<group>"; };
		A72734CA1E9CD18F0051EA95 /* Info.plist */ = {isa = PBXFileReference; lastKnownFileType = text.plist.xml; path = Info.plist; sourceTree = "<group>"; };
		A72734CF1E9CD18F0051EA95 /* InputNumberProjectTests.xctest */ = {isa = PBXFileReference; explicitFileType = wrapper.cfbundle; includeInIndex = 0; path = InputNumberProjectTests.xctest; sourceTree = BUILT_PRODUCTS_DIR; };
		A72734D31E9CD18F0051EA95 /* InputNumberProjectTests.m */ = {isa = PBXFileReference; lastKnownFileType = sourcecode.c.objc; path = InputNumberProjectTests.m; sourceTree = "<group>"; };
		A72734D51E9CD18F0051EA95 /* Info.plist */ = {isa = PBXFileReference; lastKnownFileType = text.plist.xml; path = Info.plist; sourceTree = "<group>"; };
		A72734DA1E9CD18F0051EA95 /* InputNumberProjectUITests.xctest */ = {isa = PBXFileReference; explicitFileType = wrapper.cfbundle; includeInIndex = 0; path = InputNumberProjectUITests.xctest; sourceTree = BUILT_PRODUCTS_DIR; };
		A72734DE1E9CD18F0051EA95 /* InputNumberProjectUITests.m */ = {isa = PBXFileReference; lastKnownFileType = sourcecode.c.objc; path = InputNumberProjectUITests.m; sourceTree = "<group>"; };
		A72734E01E9CD18F0051EA95 /* Info.plist */ = {isa = PBXFileReference; lastKnownFileType = text.plist.xml; path = Info.plist; sourceTree = "<group>"; };
		A72734EC1E9DC0870051EA95 /* InputNumberView.h */ = {isa = PBXFileReference; fileEncoding = 4; lastKnownFileType = sourcecode.c.h; path = InputNumberView.h; sourceTree = "<group>"; };
		A72734ED1E9DC0870051EA95 /* InputNumberView.m */ = {isa = PBXFileReference; fileEncoding = 4; lastKnownFileType = sourcecode.c.objc; path = InputNumberView.m; sourceTree = "<group>"; };
/* End PBXFileReference section */

/* Begin PBXFrameworksBuildPhase section */
		A72734B31E9CD18F0051EA95 /* Frameworks */ = {
			isa = PBXFrameworksBuildPhase;
			buildActionMask = 2147483647;
			files = (
			);
			runOnlyForDeploymentPostprocessing = 0;
		};
		A72734CC1E9CD18F0051EA95 /* Frameworks */ = {
			isa = PBXFrameworksBuildPhase;
			buildActionMask = 2147483647;
			files = (
			);
			runOnlyForDeploymentPostprocessing = 0;
		};
		A72734D71E9CD18F0051EA95 /* Frameworks */ = {
			isa = PBXFrameworksBuildPhase;
			buildActionMask = 2147483647;
			files = (
			);
			runOnlyForDeploymentPostprocessing = 0;
		};
/* End PBXFrameworksBuildPhase section */

/* Begin PBXGroup section */
		A72734AD1E9CD18F0051EA95 = {
			isa = PBXGroup;
			children = (
				A72734B81E9CD18F0051EA95 /* InputNumberProject */,
				A72734D21E9CD18F0051EA95 /* InputNumberProjectTests */,
				A72734DD1E9CD18F0051EA95 /* InputNumberProjectUITests */,
				A72734B71E9CD18F0051EA95 /* Products */,
			);
			sourceTree = "<group>";
		};
		A72734B71E9CD18F0051EA95 /* Products */ = {
			isa = PBXGroup;
			children = (
				A72734B61E9CD18F0051EA95 /* InputNumberProject.app */,
				A72734CF1E9CD18F0051EA95 /* InputNumberProjectTests.xctest */,
				A72734DA1E9CD18F0051EA95 /* InputNumberProjectUITests.xctest */,
			);
			name = Products;
			sourceTree = "<group>";
		};
		A72734B81E9CD18F0051EA95 /* InputNumberProject */ = {
			isa = PBXGroup;
			children = (
				A72734BC1E9CD18F0051EA95 /* AppDelegate.h */,
				A72734BD1E9CD18F0051EA95 /* AppDelegate.m */,
				A72734BF1E9CD18F0051EA95 /* ViewController.h */,
				A72734C01E9CD18F0051EA95 /* ViewController.m */,
				A72734EC1E9DC0870051EA95 /* InputNumberView.h */,
				A72734ED1E9DC0870051EA95 /* InputNumberView.m */,
				A72734C21E9CD18F0051EA95 /* Main.storyboard */,
				A72734C51E9CD18F0051EA95 /* Assets.xcassets */,
				A72734C71E9CD18F0051EA95 /* LaunchScreen.storyboard */,
				A72734CA1E9CD18F0051EA95 /* Info.plist */,
				A72734B91E9CD18F0051EA95 /* Supporting Files */,
			);
			path = InputNumberProject;
			sourceTree = "<group>";
		};
		A72734B91E9CD18F0051EA95 /* Supporting Files */ = {
			isa = PBXGroup;
			children = (
				A72734BA1E9CD18F0051EA95 /* main.m */,
			);
			name = "Supporting Files";
			sourceTree = "<group>";
		};
		A72734D21E9CD18F0051EA95 /* InputNumberProjectTests */ = {
			isa = PBXGroup;
			children = (
				A72734D31E9CD18F0051EA95 /* InputNumberProjectTests.m */,
				A72734D51E9CD18F0051EA95 /* Info.plist */,
			);
			path = InputNumberProjectTests;
			sourceTree = "<group>";
		};
		A72734DD1E9CD18F0051EA95 /* InputNumberProjectUITests */ = {
			isa = PBXGroup;
			children = (
				A72734DE1E9CD18F0051EA95 /* InputNumberProjectUITests.m */,
				A72734E01E9CD18F0051EA95 /* Info.plist */,
			);
			path = InputNumberProjectUITests;
			sourceTree = "<group>";
		};
/* End PBXGroup section */

/* Begin PBXNativeTarget section */
		A72734B51E9CD18F0051EA95 /* InputNumberProject */ = {
			isa = PBXNativeTarget;
			buildConfigurationList = A72734E31E9CD18F0051EA95 /* Build configuration list for PBXNativeTarget "InputNumberProject" */;
			buildPhases = (
				A72734B21E9CD18F0051EA95 /* Sources */,
				A72734B31E9CD18F0051EA95 /* Frameworks */,
				A72734B41E9CD18F0051EA95 /* Resources */,
			);
			buildRules = (
			);
			dependencies = (
			);
			name = InputNumberProject;
			productName = InputNumberProject;
			productReference = A72734B61E9CD18F0051EA95 /* InputNumberProject.app */;
			productType = "com.apple.product-type.application";
		};
		A72734CE1E9CD18F0051EA95 /* InputNumberProjectTests */ = {
			isa = PBXNativeTarget;
			buildConfigurationList = A72734E61E9CD18F0051EA95 /* Build configuration list for PBXNativeTarget "InputNumberProjectTests" */;
			buildPhases = (
				A72734CB1E9CD18F0051EA95 /* Sources */,
				A72734CC1E9CD18F0051EA95 /* Frameworks */,
				A72734CD1E9CD18F0051EA95 /* Resources */,
			);
			buildRules = (
			);
			dependencies = (
				A72734D11E9CD18F0051EA95 /* PBXTargetDependency */,
			);
			name = InputNumberProjectTests;
			productName = InputNumberProjectTests;
			productReference = A72734CF1E9CD18F0051EA95 /* InputNumberProjectTests.xctest */;
			productType = "com.apple.product-type.bundle.unit-test";
		};
		A72734D91E9CD18F0051EA95 /* InputNumberProjectUITests */ = {
			isa = PBXNativeTarget;
			buildConfigurationList = A72734E91E9CD18F0051EA95 /* Build configuration list for PBXNativeTarget "InputNumberProjectUITests" */;
			buildPhases = (
				A72734D61E9CD18F0051EA95 /* Sources */,
				A72734D71E9CD18F0051EA95 /* Frameworks */,
				A72734D81E9CD18F0051EA95 /* Resources */,
			);
			buildRules = (
			);
			dependencies = (
				A72734DC1E9CD18F0051EA95 /* PBXTargetDependency */,
			);
			name = InputNumberProjectUITests;
			productName = InputNumberProjectUITests;
			productReference = A72734DA1E9CD18F0051EA95 /* InputNumberProjectUITests.xctest */;
			productType = "com.apple.product-type.bundle.ui-testing";
		};
/* End PBXNativeTarget section */

/* Begin PBXProject section */
		A72734AE1E9CD18F0051EA95 /* Project object */ = {
			isa = PBXProject;
			attributes = {
				LastUpgradeCheck = 0830;
				ORGANIZATIONNAME = com.Madman_bg.init;
				TargetAttributes = {
					A72734B51E9CD18F0051EA95 = {
						CreatedOnToolsVersion = 8.3.1;
						ProvisioningStyle = Automatic;
					};
					A72734CE1E9CD18F0051EA95 = {
						CreatedOnToolsVersion = 8.3.1;
						ProvisioningStyle = Automatic;
						TestTargetID = A72734B51E9CD18F0051EA95;
					};
					A72734D91E9CD18F0051EA95 = {
						CreatedOnToolsVersion = 8.3.1;
						ProvisioningStyle = Automatic;
						TestTargetID = A72734B51E9CD18F0051EA95;
					};
				};
			};
			buildConfigurationList = A72734B11E9CD18F0051EA95 /* Build configuration list for PBXProject "InputNumberProject" */;
			compatibilityVersion = "Xcode 3.2";
			developmentRegion = English;
			hasScannedForEncodings = 0;
			knownRegions = (
				en,
				Base,
			);
			mainGroup = A72734AD1E9CD18F0051EA95;
			productRefGroup = A72734B71E9CD18F0051EA95 /* Products */;
			projectDirPath = "";
			projectRoot = "";
			targets = (
				A72734B51E9CD18F0051EA95 /* InputNumberProject */,
				A72734CE1E9CD18F0051EA95 /* InputNumberProjectTests */,
				A72734D91E9CD18F0051EA95 /* InputNumberProjectUITests */,
			);
		};
/* End PBXProject section */

/* Begin PBXResourcesBuildPhase section */
		A72734B41E9CD18F0051EA95 /* Resources */ = {
			isa = PBXResourcesBuildPhase;
			buildActionMask = 2147483647;
			files = (
				A72734C91E9CD18F0051EA95 /* LaunchScreen.storyboard in Resources */,
				A72734C61E9CD18F0051EA95 /* Assets.xcassets in Resources */,
				A72734C41E9CD18F0051EA95 /* Main.storyboard in Resources */,
			);
			runOnlyForDeploymentPostprocessing = 0;
		};
		A72734CD1E9CD18F0051EA95 /* Resources */ = {
			isa = PBXResourcesBuildPhase;
			buildActionMask = 2147483647;
			files = (
			);
			runOnlyForDeploymentPostprocessing = 0;
		};
		A72734D81E9CD18F0051EA95 /* Resources */ = {
			isa = PBXResourcesBuildPhase;
			buildActionMask = 2147483647;
			files = (
			);
			runOnlyForDeploymentPostprocessing = 0;
		};
/* End PBXResourcesBuildPhase section */

/* Begin PBXSourcesBuildPhase section */
		A72734B21E9CD18F0051EA95 /* Sources */ = {
			isa = PBXSourcesBuildPhase;
			buildActionMask = 2147483647;
			files = (
				A72734EE1E9DC0870051EA95 /* InputNumberView.m in Sources */,
				A72734C11E9CD18F0051EA95 /* ViewController.m in Sources */,
				A72734BE1E9CD18F0051EA95 /* AppDelegate.m in Sources */,
				A72734BB1E9CD18F0051EA95 /* main.m in Sources */,
			);
			runOnlyForDeploymentPostprocessing = 0;
		};
		A72734CB1E9CD18F0051EA95 /* Sources */ = {
			isa = PBXSourcesBuildPhase;
			buildActionMask = 2147483647;
			files = (
				A72734D41E9CD18F0051EA95 /* InputNumberProjectTests.m in Sources */,
			);
			runOnlyForDeploymentPostprocessing = 0;
		};
		A72734D61E9CD18F0051EA95 /* Sources */ = {
			isa = PBXSourcesBuildPhase;
			buildActionMask = 2147483647;
			files = (
				A72734DF1E9CD18F0051EA95 /* InputNumberProjectUITests.m in Sources */,
			);
			runOnlyForDeploymentPostprocessing = 0;
		};
/* End PBXSourcesBuildPhase section */

/* Begin PBXTargetDependency section */
		A72734D11E9CD18F0051EA95 /* PBXTargetDependency */ = {
			isa = PBXTargetDependency;
			target = A72734B51E9CD18F0051EA95 /* InputNumberProject */;
			targetProxy = A72734D01E9CD18F0051EA95 /* PBXContainerItemProxy */;
		};
		A72734DC1E9CD18F0051EA95 /* PBXTargetDependency */ = {
			isa = PBXTargetDependency;
			target = A72734B51E9CD18F0051EA95 /* InputNumberProject */;
			targetProxy = A72734DB1E9CD18F0051EA95 /* PBXContainerItemProxy */;
		};
/* End PBXTargetDependency section */

/* Begin PBXVariantGroup section */
		A72734C21E9CD18F0051EA95 /* Main.storyboard */ = {
			isa = PBXVariantGroup;
			children = (
				A72734C31E9CD18F0051EA95 /* Base */,
			);
			name = Main.storyboard;
			sourceTree = "<group>";
		};
		A72734C71E9CD18F0051EA95 /* LaunchScreen.storyboard */ = {
			isa = PBXVariantGroup;
			children = (
				A72734C81E9CD18F0051EA95 /* Base */,
			);
			name = LaunchScreen.storyboard;
			sourceTree = "<group>";
		};
/* End PBXVariantGroup section */

/* Begin XCBuildConfiguration section */
		A72734E11E9CD18F0051EA95 /* Debug */ = {
			isa = XCBuildConfiguration;
			buildSettings = {
				ALWAYS_SEARCH_USER_PATHS = NO;
				CLANG_ANALYZER_NONNULL = YES;
				CLANG_ANALYZER_NUMBER_OBJECT_CONVERSION = YES_AGGRESSIVE;
				CLANG_CXX_LANGUAGE_STANDARD = "gnu++0x";
				CLANG_CXX_LIBRARY = "libc++";
				CLANG_ENABLE_MODULES = YES;
				CLANG_ENABLE_OBJC_ARC = YES;
				CLANG_WARN_BOOL_CONVERSION = YES;
				CLANG_WARN_CONSTANT_CONVERSION = YES;
				CLANG_WARN_DIRECT_OBJC_ISA_USAGE = YES_ERROR;
				CLANG_WARN_DOCUMENTATION_COMMENTS = YES;
				CLANG_WARN_EMPTY_BODY = YES;
				CLANG_WARN_ENUM_CONVERSION = YES;
				CLANG_WARN_INFINITE_RECURSION = YES;
				CLANG_WARN_INT_CONVERSION = YES;
				CLANG_WARN_OBJC_ROOT_CLASS = YES_ERROR;
				CLANG_WARN_SUSPICIOUS_MOVE = YES;
				CLANG_WARN_UNREACHABLE_CODE = YES;
				CLANG_WARN__DUPLICATE_METHOD_MATCH = YES;
				"CODE_SIGN_IDENTITY[sdk=iphoneos*]" = "iPhone Developer";
				COPY_PHASE_STRIP = NO;
				DEBUG_INFORMATION_FORMAT = dwarf;
				ENABLE_STRICT_OBJC_MSGSEND = YES;
				ENABLE_TESTABILITY = YES;
				GCC_C_LANGUAGE_STANDARD = gnu99;
				GCC_DYNAMIC_NO_PIC = NO;
				GCC_NO_COMMON_BLOCKS = YES;
				GCC_OPTIMIZATION_LEVEL = 0;
				GCC_PREPROCESSOR_DEFINITIONS = (
					"DEBUG=1",
					"$(inherited)",
				);
				GCC_WARN_64_TO_32_BIT_CONVERSION = YES;
				GCC_WARN_ABOUT_RETURN_TYPE = YES_ERROR;
				GCC_WARN_UNDECLARED_SELECTOR = YES;
				GCC_WARN_UNINITIALIZED_AUTOS = YES_AGGRESSIVE;
				GCC_WARN_UNUSED_FUNCTION = YES;
				GCC_WARN_UNUSED_VARIABLE = YES;
				IPHONEOS_DEPLOYMENT_TARGET = 10.3;
				MTL_ENABLE_DEBUG_INFO = YES;
				ONLY_ACTIVE_ARCH = YES;
				SDKROOT = iphoneos;
			};
			name = Debug;
		};
		A72734E21E9CD18F0051EA95 /* Release */ = {
			isa = XCBuildConfiguration;
			buildSettings = {
				ALWAYS_SEARCH_USER_PATHS = NO;
				CLANG_ANALYZER_NONNULL = YES;
				CLANG_ANALYZER_NUMBER_OBJECT_CONVERSION = YES_AGGRESSIVE;
				CLANG_CXX_LANGUAGE_STANDARD = "gnu++0x";
				CLANG_CXX_LIBRARY = "libc++";
				CLANG_ENABLE_MODULES = YES;
				CLANG_ENABLE_OBJC_ARC = YES;
				CLANG_WARN_BOOL_CONVERSION = YES;
				CLANG_WARN_CONSTANT_CONVERSION = YES;
				CLANG_WARN_DIRECT_OBJC_ISA_USAGE = YES_ERROR;
				CLANG_WARN_DOCUMENTATION_COMMENTS = YES;
				CLANG_WARN_EMPTY_BODY = YES;
				CLANG_WARN_ENUM_CONVERSION = YES;
				CLANG_WARN_INFINITE_RECURSION = YES;
				CLANG_WARN_INT_CONVERSION = YES;
				CLANG_WARN_OBJC_ROOT_CLASS = YES_ERROR;
				CLANG_WARN_SUSPICIOUS_MOVE = YES;
				CLANG_WARN_UNREACHABLE_CODE = YES;
				CLANG_WARN__DUPLICATE_METHOD_MATCH = YES;
				"CODE_SIGN_IDENTITY[sdk=iphoneos*]" = "iPhone Developer";
				COPY_PHASE_STRIP = NO;
				DEBUG_INFORMATION_FORMAT = "dwarf-with-dsym";
				ENABLE_NS_ASSERTIONS = NO;
				ENABLE_STRICT_OBJC_MSGSEND = YES;
				GCC_C_LANGUAGE_STANDARD = gnu99;
				GCC_NO_COMMON_BLOCKS = YES;
				GCC_WARN_64_TO_32_BIT_CONVERSION = YES;
				GCC_WARN_ABOUT_RETURN_TYPE = YES_ERROR;
				GCC_WARN_UNDECLARED_SELECTOR = YES;
				GCC_WARN_UNINITIALIZED_AUTOS = YES_AGGRESSIVE;
				GCC_WARN_UNUSED_FUNCTION = YES;
				GCC_WARN_UNUSED_VARIABLE = YES;
				IPHONEOS_DEPLOYMENT_TARGET = 10.3;
				MTL_ENABLE_DEBUG_INFO = NO;
				SDKROOT = iphoneos;
				VALIDATE_PRODUCT = YES;
			};
			name = Release;
		};
		A72734E41E9CD18F0051EA95 /* Debug */ = {
			isa = XCBuildConfiguration;
			buildSettings = {
				ASSETCATALOG_COMPILER_APPICON_NAME = AppIcon;
				INFOPLIST_FILE = InputNumberProject/Info.plist;
				LD_RUNPATH_SEARCH_PATHS = "$(inherited) @executable_path/Frameworks";
				PRODUCT_BUNDLE_IDENTIFIER = com.Project.InputNumberProject;
				PRODUCT_NAME = "$(TARGET_NAME)";
			};
			name = Debug;
		};
		A72734E51E9CD18F0051EA95 /* Release */ = {
			isa = XCBuildConfiguration;
			buildSettings = {
				ASSETCATALOG_COMPILER_APPICON_NAME = AppIcon;
				INFOPLIST_FILE = InputNumberProject/Info.plist;
				LD_RUNPATH_SEARCH_PATHS = "$(inherited) @executable_path/Frameworks";
				PRODUCT_BUNDLE_IDENTIFIER = com.Project.InputNumberProject;
				PRODUCT_NAME = "$(TARGET_NAME)";
			};
			name = Release;
		};
		A72734E71E9CD18F0051EA95 /* Debug */ = {
			isa = XCBuildConfiguration;
			buildSettings = {
				BUNDLE_LOADER = "$(TEST_HOST)";
				INFOPLIST_FILE = InputNumberProjectTests/Info.plist;
				LD_RUNPATH_SEARCH_PATHS = "$(inherited) @executable_path/Frameworks @loader_path/Frameworks";
				PRODUCT_BUNDLE_IDENTIFIER = com.Project.InputNumberProjectTests;
				PRODUCT_NAME = "$(TARGET_NAME)";
				TEST_HOST = "$(BUILT_PRODUCTS_DIR)/InputNumberProject.app/InputNumberProject";
			};
			name = Debug;
		};
		A72734E81E9CD18F0051EA95 /* Release */ = {
			isa = XCBuildConfiguration;
			buildSettings = {
				BUNDLE_LOADER = "$(TEST_HOST)";
				INFOPLIST_FILE = InputNumberProjectTests/Info.plist;
				LD_RUNPATH_SEARCH_PATHS = "$(inherited) @executable_path/Frameworks @loader_path/Frameworks";
				PRODUCT_BUNDLE_IDENTIFIER = com.Project.InputNumberProjectTests;
				PRODUCT_NAME = "$(TARGET_NAME)";
				TEST_HOST = "$(BUILT_PRODUCTS_DIR)/InputNumberProject.app/InputNumberProject";
			};
			name = Release;
		};
		A72734EA1E9CD18F0051EA95 /* Debug */ = {
			isa = XCBuildConfiguration;
			buildSettings = {
				INFOPLIST_FILE = InputNumberProjectUITests/Info.plist;
				LD_RUNPATH_SEARCH_PATHS = "$(inherited) @executable_path/Frameworks @loader_path/Frameworks";
				PRODUCT_BUNDLE_IDENTIFIER = com.Project.InputNumberProjectUITests;
				PRODUCT_NAME = "$(TARGET_NAME)";
				TEST_TARGET_NAME = InputNumberProject;
			};
			name = Debug;
		};
		A72734EB1E9CD18F0051EA95 /* Release */ = {
			isa = XCBuildConfiguration;
			buildSettings = {
				INFOPLIST_FILE = InputNumberProjectUITests/Info.plist;
				LD_RUNPATH_SEARCH_PATHS = "$(inherited) @executable_path/Frameworks @loader_path/Frameworks";
				PRODUCT_BUNDLE_IDENTIFIER = com.Project.InputNumberProjectUITests;
				PRODUCT_NAME = "$(TARGET_NAME)";
				TEST_TARGET_NAME = InputNumberProject;
			};
			name = Release;
		};
/* End XCBuildConfiguration section */

/* Begin XCConfigurationList section */
		A72734B11E9CD18F0051EA95 /* Build configuration list for PBXProject "InputNumberProject" */ = {
			isa = XCConfigurationList;
			buildConfigurations = (
				A72734E11E9CD18F0051EA95 /* Debug */,
				A72734E21E9CD18F0051EA95 /* Release */,
			);
			defaultConfigurationIsVisible = 0;
			defaultConfigurationName = Release;
		};
		A72734E31E9CD18F0051EA95 /* Build configuration list for PBXNativeTarget "InputNumberProject" */ = {
			isa = XCConfigurationList;
			buildConfigurations = (
				A72734E41E9CD18F0051EA95 /* Debug */,
				A72734E51E9CD18F0051EA95 /* Release */,
			);
			defaultConfigurationIsVisible = 0;
		};
		A72734E61E9CD18F0051EA95 /* Build configuration list for PBXNativeTarget "InputNumberProjectTests" */ = {
			isa = XCConfigurationList;
			buildConfigurations = (
				A72734E71E9CD18F0051EA95 /* Debug */,
				A72734E81E9CD18F0051EA95 /* Release */,
			);
			defaultConfigurationIsVisible = 0;
		};
		A72734E91E9CD18F0051EA95 /* Build configuration list for PBXNativeTarget "InputNumberProjectUITests" */ = {
			isa = XCConfigurationList;
			buildConfigurations = (
				A72734EA1E9CD18F0051EA95 /* Debug */,
				A72734EB1E9CD18F0051EA95 /* Release */,
			);
			defaultConfigurationIsVisible = 0;
		};
/* End XCConfigurationList section */
	};
	rootObject = A72734AE1E9CD18F0051EA95 /* Project object */;
}
